
Microsoft Visual Studio Solution File, Format Version 12.00
# Visual Studio 15
VisualStudioVersion = 15.0.27703.2000
MinimumVisualStudioVersion = 10.0.40219.1
Project("{9A19103F-16F7-4668-BE54-9A1E7A4F7556}") = "ZFJImporter.Console", "ZFJImporter\ZFJImporter.Console.csproj", "{50DF57D1-C9C6-4EBB-BFF0-C428B394D32F}"
EndProject
Project("{FAE04EC0-301F-11D3-BF4B-00C04F79EFBC}") = "ZFJImporter.Common", "ZFJImporter.Common\ZFJImporter.Common.csproj", "{04021BC8-2F4B-4693-A4AD-DCECC9BB826F}"
EndProject
Project("{FAE04EC0-301F-11D3-BF4B-00C04F79EFBC}") = "ZFJImporter.WPF", "ZFJImporter.WPF\ZFJImporter.WPF.csproj", "{1A1C7762-C0E4-4B5A-8F56-0FFE87C145E7}"
EndProject
Global
	GlobalSection(SolutionConfigurationPlatforms) = preSolution
		Debug|Any CPU = Debug|Any CPU
		Release|Any CPU = Release|Any CPU
	EndGlobalSection
	GlobalSection(ProjectConfigurationPlatforms) = postSolution
		{50DF57D1-C9C6-4EBB-BFF0-C428B394D32F}.Debug|Any CPU.ActiveCfg = Debug|Any CPU
		{50DF57D1-C9C6-4EBB-BFF0-C428B394D32F}.Debug|Any CPU.Build.0 = Debug|Any CPU
		{50DF57D1-C9C6-4EBB-BFF0-C428B394D32F}.Release|Any CPU.ActiveCfg = Release|Any CPU
		{50DF57D1-C9C6-4EBB-BFF0-C428B394D32F}.Release|Any CPU.Build.0 = Release|Any CPU
		{04021BC8-2F4B-4693-A4AD-DCECC9BB826F}.Debug|Any CPU.ActiveCfg = Debug|Any CPU
		{04021BC8-2F4B-4693-A4AD-DCECC9BB826F}.Debug|Any CPU.Build.0 = Debug|Any CPU
		{04021BC8-2F4B-4693-A4AD-DCECC9BB826F}.Release|Any CPU.ActiveCfg = Release|Any CPU
		{04021BC8-2F4B-4693-A4AD-DCECC9BB826F}.Release|Any CPU.Build.0 = Release|Any CPU
		{1A1C7762-C0E4-4B5A-8F56-0FFE87C145E7}.Debug|Any CPU.ActiveCfg = Debug|Any CPU
		{1A1C7762-C0E4-4B5A-8F56-0FFE87C145E7}.Debug|Any CPU.Build.0 = Debug|Any CPU
		{1A1C7762-C0E4-4B5A-8F56-0FFE87C145E7}.Release|Any CPU.ActiveCfg = Release|Any CPU
		{1A1C7762-C0E4-4B5A-8F56-0FFE87C145E7}.Release|Any CPU.Build.0 = Release|Any CPU
	EndGlobalSection
	GlobalSection(SolutionProperties) = preSolution
		HideSolutionNode = FALSE
	EndGlobalSection
	GlobalSection(ExtensibilityGlobals) = postSolution
		SolutionGuid = {C3517582-3036-47D0-9F15-611207B0F171}
	EndGlobalSection
EndGlobal
